
Microsoft Visual Studio Solution File, Format Version 12.00
# Visual Studio Version 17
VisualStudioVersion = 17.5.33530.505
MinimumVisualStudioVersion = 10.0.40219.1
Project("{9A19103F-16F7-4668-BE54-9A1E7A4F7556}") = "DimplomStandart", "DimplomStandart\DimplomStandart.csproj", "{2F696CAB-EF74-4D1A-9942-1ED6D11A4EEB}"
EndProject
Project("{9A19103F-16F7-4668-BE54-9A1E7A4F7556}") = "DplomStandartEntityFramework", "..\DplomStandartEntityFramework\DplomStandartEntityFramework\DplomStandartEntityFramework.csproj", "{69D5BC50-2AB8-41A6-AF60-7E00FF4C0359}"
EndProject
Global
	GlobalSection(SolutionConfigurationPlatforms) = preSolution
		Debug|Any CPU = Debug|Any CPU
		Release|Any CPU = Release|Any CPU
	EndGlobalSection
	GlobalSection(ProjectConfigurationPlatforms) = postSolution
		{2F696CAB-EF74-4D1A-9942-1ED6D11A4EEB}.Debug|Any CPU.ActiveCfg = Release|Any CPU
		{2F696CAB-EF74-4D1A-9942-1ED6D11A4EEB}.Debug|Any CPU.Build.0 = Release|Any CPU
		{2F696CAB-EF74-4D1A-9942-1ED6D11A4EEB}.Release|Any CPU.ActiveCfg = Debug|Any CPU
		{2F696CAB-EF74-4D1A-9942-1ED6D11A4EEB}.Release|Any CPU.Build.0 = Debug|Any CPU
		{69D5BC50-2AB8-41A6-AF60-7E00FF4C0359}.Debug|Any CPU.ActiveCfg = Debug|Any CPU
		{69D5BC50-2AB8-41A6-AF60-7E00FF4C0359}.Debug|Any CPU.Build.0 = Debug|Any CPU
		{69D5BC50-2AB8-41A6-AF60-7E00FF4C0359}.Release|Any CPU.ActiveCfg = Debug|Any CPU
		{69D5BC50-2AB8-41A6-AF60-7E00FF4C0359}.Release|Any CPU.Build.0 = Debug|Any CPU
	EndGlobalSection
	GlobalSection(SolutionProperties) = preSolution
		HideSolutionNode = FALSE
	EndGlobalSection
	GlobalSection(ExtensibilityGlobals) = postSolution
		SolutionGuid = {0DF2B8BB-CB57-44D5-8D13-D9C88DAF5C2E}
	EndGlobalSection
EndGlobal
